
Microsoft Visual Studio Solution File, Format Version 12.00
# Visual Studio Version 17
VisualStudioVersion = 17.13.35931.197 d17.13
MinimumVisualStudioVersion = 10.0.40219.1
Project("{FAE04EC0-301F-11D3-BF4B-00C04F79EFBC}") = "SystemAutomationTesting", "SystemAutomationTesting.csproj", "{C89227C3-26DF-40E1-89F0-D1FFC7E95176}"
EndProject
Global
	GlobalSection(SolutionConfigurationPlatforms) = preSolution
		Debug|Any CPU = Debug|Any CPU
		Release|Any CPU = Release|Any CPU
	EndGlobalSection
	GlobalSection(ProjectConfigurationPlatforms) = postSolution
		{C89227C3-26DF-40E1-89F0-D1FFC7E95176}.Debug|Any CPU.ActiveCfg = Debug|Any CPU
		{C89227C3-26DF-40E1-89F0-D1FFC7E95176}.Debug|Any CPU.Build.0 = Debug|Any CPU
		{C89227C3-26DF-40E1-89F0-D1FFC7E95176}.Release|Any CPU.ActiveCfg = Release|Any CPU
		{C89227C3-26DF-40E1-89F0-D1FFC7E95176}.Release|Any CPU.Build.0 = Release|Any CPU
	EndGlobalSection
	GlobalSection(SolutionProperties) = preSolution
		HideSolutionNode = FALSE
	EndGlobalSection
	GlobalSection(ExtensibilityGlobals) = postSolution
		SolutionGuid = {6821315A-5192-4911-A7C5-3CB1ED9FF848}
	EndGlobalSection
EndGlobal
